// !$*UTF8*$!
{
	archiveVersion = 1;
	classes = {
	};
	objectVersion = 56;
	objects = {

/* Begin PBXBuildFile section */
		716144452B236DB100A29BDC /* RMLocation.swift in Sources */ = {isa = PBXBuildFile; fileRef = 716144442B236DB100A29BDC /* RMLocation.swift */; };
		716144472B236DC300A29BDC /* RMCharacter.swift in Sources */ = {isa = PBXBuildFile; fileRef = 716144462B236DC300A29BDC /* RMCharacter.swift */; };
		716144492B236DCE00A29BDC /* RMEpisode.swift in Sources */ = {isa = PBXBuildFile; fileRef = 716144482B236DCE00A29BDC /* RMEpisode.swift */; };
		7161444C2B236EA400A29BDC /* RMCharacterViewController.swift in Sources */ = {isa = PBXBuildFile; fileRef = 7161444B2B236EA400A29BDC /* RMCharacterViewController.swift */; };
		7161444E2B236EB900A29BDC /* RMLocationViewController.swift in Sources */ = {isa = PBXBuildFile; fileRef = 7161444D2B236EB900A29BDC /* RMLocationViewController.swift */; };
		716144502B236ED600A29BDC /* RMEpisodeViewController.swift in Sources */ = {isa = PBXBuildFile; fileRef = 7161444F2B236ED600A29BDC /* RMEpisodeViewController.swift */; };
		716144522B236F0400A29BDC /* RMSettingsViewController.swift in Sources */ = {isa = PBXBuildFile; fileRef = 716144512B236F0400A29BDC /* RMSettingsViewController.swift */; };
		71B3BDD92B2369F400F58393 /* AppDelegate.swift in Sources */ = {isa = PBXBuildFile; fileRef = 71B3BDD82B2369F400F58393 /* AppDelegate.swift */; };
		71B3BDDB2B2369F400F58393 /* SceneDelegate.swift in Sources */ = {isa = PBXBuildFile; fileRef = 71B3BDDA2B2369F400F58393 /* SceneDelegate.swift */; };
		71B3BDDD2B2369F400F58393 /* RMTabBarViewController.swift in Sources */ = {isa = PBXBuildFile; fileRef = 71B3BDDC2B2369F400F58393 /* RMTabBarViewController.swift */; };
		71B3BDE22B2369F900F58393 /* Assets.xcassets in Resources */ = {isa = PBXBuildFile; fileRef = 71B3BDE12B2369F900F58393 /* Assets.xcassets */; };
		71B3BDE52B2369F900F58393 /* LaunchScreen.storyboard in Resources */ = {isa = PBXBuildFile; fileRef = 71B3BDE32B2369F900F58393 /* LaunchScreen.storyboard */; };
/* End PBXBuildFile section */

/* Begin PBXFileReference section */
		716144442B236DB100A29BDC /* RMLocation.swift */ = {isa = PBXFileReference; lastKnownFileType = sourcecode.swift; path = RMLocation.swift; sourceTree = "<group>"; };
		716144462B236DC300A29BDC /* RMCharacter.swift */ = {isa = PBXFileReference; lastKnownFileType = sourcecode.swift; path = RMCharacter.swift; sourceTree = "<group>"; };
		716144482B236DCE00A29BDC /* RMEpisode.swift */ = {isa = PBXFileReference; lastKnownFileType = sourcecode.swift; path = RMEpisode.swift; sourceTree = "<group>"; };
		7161444B2B236EA400A29BDC /* RMCharacterViewController.swift */ = {isa = PBXFileReference; lastKnownFileType = sourcecode.swift; path = RMCharacterViewController.swift; sourceTree = "<group>"; };
		7161444D2B236EB900A29BDC /* RMLocationViewController.swift */ = {isa = PBXFileReference; lastKnownFileType = sourcecode.swift; path = RMLocationViewController.swift; sourceTree = "<group>"; };
		7161444F2B236ED600A29BDC /* RMEpisodeViewController.swift */ = {isa = PBXFileReference; lastKnownFileType = sourcecode.swift; path = RMEpisodeViewController.swift; sourceTree = "<group>"; };
		716144512B236F0400A29BDC /* RMSettingsViewController.swift */ = {isa = PBXFileReference; lastKnownFileType = sourcecode.swift; path = RMSettingsViewController.swift; sourceTree = "<group>"; };
		71B3BDD52B2369F400F58393 /* RickAndMorty.app */ = {isa = PBXFileReference; explicitFileType = wrapper.application; includeInIndex = 0; path = RickAndMorty.app; sourceTree = BUILT_PRODUCTS_DIR; };
		71B3BDD82B2369F400F58393 /* AppDelegate.swift */ = {isa = PBXFileReference; lastKnownFileType = sourcecode.swift; path = AppDelegate.swift; sourceTree = "<group>"; };
		71B3BDDA2B2369F400F58393 /* SceneDelegate.swift */ = {isa = PBXFileReference; lastKnownFileType = sourcecode.swift; path = SceneDelegate.swift; sourceTree = "<group>"; };
		71B3BDDC2B2369F400F58393 /* RMTabBarViewController.swift */ = {isa = PBXFileReference; lastKnownFileType = sourcecode.swift; path = RMTabBarViewController.swift; sourceTree = "<group>"; };
		71B3BDE12B2369F900F58393 /* Assets.xcassets */ = {isa = PBXFileReference; lastKnownFileType = folder.assetcatalog; path = Assets.xcassets; sourceTree = "<group>"; };
		71B3BDE42B2369F900F58393 /* Base */ = {isa = PBXFileReference; lastKnownFileType = file.storyboard; name = Base; path = Base.lproj/LaunchScreen.storyboard; sourceTree = "<group>"; };
		71B3BDE62B2369F900F58393 /* Info.plist */ = {isa = PBXFileReference; lastKnownFileType = text.plist.xml; path = Info.plist; sourceTree = "<group>"; };
/* End PBXFileReference section */

/* Begin PBXFrameworksBuildPhase section */
		71B3BDD22B2369F400F58393 /* Frameworks */ = {
			isa = PBXFrameworksBuildPhase;
			buildActionMask = 2147483647;
			files = (
			);
			runOnlyForDeploymentPostprocessing = 0;
		};
/* End PBXFrameworksBuildPhase section */

/* Begin PBXGroup section */
		7161443D2B236C9D00A29BDC /* Controllers */ = {
			isa = PBXGroup;
			children = (
				7161444A2B236E6100A29BDC /* Core */,
			);
			path = Controllers;
			sourceTree = "<group>";
		};
		7161443E2B236CB200A29BDC /* Models */ = {
			isa = PBXGroup;
			children = (
				716144442B236DB100A29BDC /* RMLocation.swift */,
				716144462B236DC300A29BDC /* RMCharacter.swift */,
				716144482B236DCE00A29BDC /* RMEpisode.swift */,
			);
			path = Models;
			sourceTree = "<group>";
		};
		7161443F2B236CC500A29BDC /* Views */ = {
			isa = PBXGroup;
			children = (
			);
			path = Views;
			sourceTree = "<group>";
		};
		716144402B236CDD00A29BDC /* ViewModels */ = {
			isa = PBXGroup;
			children = (
			);
			path = ViewModels;
			sourceTree = "<group>";
		};
		716144412B236CF000A29BDC /* Managers */ = {
			isa = PBXGroup;
			children = (
			);
			path = Managers;
			sourceTree = "<group>";
		};
		716144422B236CFA00A29BDC /* APIClient */ = {
			isa = PBXGroup;
			children = (
			);
			path = APIClient;
			sourceTree = "<group>";
		};
		716144432B236D0800A29BDC /* Resources */ = {
			isa = PBXGroup;
			children = (
				71B3BDDA2B2369F400F58393 /* SceneDelegate.swift */,
				71B3BDD82B2369F400F58393 /* AppDelegate.swift */,
				71B3BDE32B2369F900F58393 /* LaunchScreen.storyboard */,
				71B3BDE12B2369F900F58393 /* Assets.xcassets */,
			);
			path = Resources;
			sourceTree = "<group>";
		};
		7161444A2B236E6100A29BDC /* Core */ = {
			isa = PBXGroup;
			children = (
				71B3BDDC2B2369F400F58393 /* RMTabBarViewController.swift */,
				7161444B2B236EA400A29BDC /* RMCharacterViewController.swift */,
				7161444D2B236EB900A29BDC /* RMLocationViewController.swift */,
				7161444F2B236ED600A29BDC /* RMEpisodeViewController.swift */,
				716144512B236F0400A29BDC /* RMSettingsViewController.swift */,
			);
			path = Core;
			sourceTree = "<group>";
		};
		71B3BDCC2B2369F400F58393 = {
			isa = PBXGroup;
			children = (
				71B3BDD72B2369F400F58393 /* RickAndMorty */,
				71B3BDD62B2369F400F58393 /* Products */,
			);
			sourceTree = "<group>";
		};
		71B3BDD62B2369F400F58393 /* Products */ = {
			isa = PBXGroup;
			children = (
				71B3BDD52B2369F400F58393 /* RickAndMorty.app */,
			);
			name = Products;
			sourceTree = "<group>";
		};
		71B3BDD72B2369F400F58393 /* RickAndMorty */ = {
			isa = PBXGroup;
			children = (
				716144432B236D0800A29BDC /* Resources */,
				716144422B236CFA00A29BDC /* APIClient */,
				716144412B236CF000A29BDC /* Managers */,
				716144402B236CDD00A29BDC /* ViewModels */,
				7161443F2B236CC500A29BDC /* Views */,
				7161443E2B236CB200A29BDC /* Models */,
				7161443D2B236C9D00A29BDC /* Controllers */,
				71B3BDE62B2369F900F58393 /* Info.plist */,
			);
			path = RickAndMorty;
			sourceTree = "<group>";
		};
/* End PBXGroup section */

/* Begin PBXNativeTarget section */
		71B3BDD42B2369F400F58393 /* RickAndMorty */ = {
			isa = PBXNativeTarget;
			buildConfigurationList = 71B3BDE92B2369F900F58393 /* Build configuration list for PBXNativeTarget "RickAndMorty" */;
			buildPhases = (
				71B3BDD12B2369F400F58393 /* Sources */,
				71B3BDD22B2369F400F58393 /* Frameworks */,
				71B3BDD32B2369F400F58393 /* Resources */,
			);
			buildRules = (
			);
			dependencies = (
			);
			name = RickAndMorty;
			productName = RickAndMorty;
			productReference = 71B3BDD52B2369F400F58393 /* RickAndMorty.app */;
			productType = "com.apple.product-type.application";
		};
/* End PBXNativeTarget section */

/* Begin PBXProject section */
		71B3BDCD2B2369F400F58393 /* Project object */ = {
			isa = PBXProject;
			attributes = {
				BuildIndependentTargetsInParallel = 1;
				LastSwiftUpdateCheck = 1430;
				LastUpgradeCheck = 1430;
				TargetAttributes = {
					71B3BDD42B2369F400F58393 = {
						CreatedOnToolsVersion = 14.3;
					};
				};
			};
			buildConfigurationList = 71B3BDD02B2369F400F58393 /* Build configuration list for PBXProject "RickAndMorty" */;
			compatibilityVersion = "Xcode 14.0";
			developmentRegion = en;
			hasScannedForEncodings = 0;
			knownRegions = (
				en,
				Base,
			);
			mainGroup = 71B3BDCC2B2369F400F58393;
			productRefGroup = 71B3BDD62B2369F400F58393 /* Products */;
			projectDirPath = "";
			projectRoot = "";
			targets = (
				71B3BDD42B2369F400F58393 /* RickAndMorty */,
			);
		};
/* End PBXProject section */

/* Begin PBXResourcesBuildPhase section */
		71B3BDD32B2369F400F58393 /* Resources */ = {
			isa = PBXResourcesBuildPhase;
			buildActionMask = 2147483647;
			files = (
				71B3BDE52B2369F900F58393 /* LaunchScreen.storyboard in Resources */,
				71B3BDE22B2369F900F58393 /* Assets.xcassets in Resources */,
			);
			runOnlyForDeploymentPostprocessing = 0;
		};
/* End PBXResourcesBuildPhase section */

/* Begin PBXSourcesBuildPhase section */
		71B3BDD12B2369F400F58393 /* Sources */ = {
			isa = PBXSourcesBuildPhase;
			buildActionMask = 2147483647;
			files = (
				7161444E2B236EB900A29BDC /* RMLocationViewController.swift in Sources */,
				716144492B236DCE00A29BDC /* RMEpisode.swift in Sources */,
				71B3BDDD2B2369F400F58393 /* RMTabBarViewController.swift in Sources */,
				716144502B236ED600A29BDC /* RMEpisodeViewController.swift in Sources */,
				71B3BDD92B2369F400F58393 /* AppDelegate.swift in Sources */,
				71B3BDDB2B2369F400F58393 /* SceneDelegate.swift in Sources */,
				716144522B236F0400A29BDC /* RMSettingsViewController.swift in Sources */,
				716144452B236DB100A29BDC /* RMLocation.swift in Sources */,
				716144472B236DC300A29BDC /* RMCharacter.swift in Sources */,
				7161444C2B236EA400A29BDC /* RMCharacterViewController.swift in Sources */,
			);
			runOnlyForDeploymentPostprocessing = 0;
		};
/* End PBXSourcesBuildPhase section */

/* Begin PBXVariantGroup section */
		71B3BDE32B2369F900F58393 /* LaunchScreen.storyboard */ = {
			isa = PBXVariantGroup;
			children = (
				71B3BDE42B2369F900F58393 /* Base */,
			);
			name = LaunchScreen.storyboard;
			sourceTree = "<group>";
		};
/* End PBXVariantGroup section */

/* Begin XCBuildConfiguration section */
		71B3BDE72B2369F900F58393 /* Debug */ = {
			isa = XCBuildConfiguration;
			buildSettings = {
				ALWAYS_SEARCH_USER_PATHS = NO;
				CLANG_ANALYZER_NONNULL = YES;
				CLANG_ANALYZER_NUMBER_OBJECT_CONVERSION = YES_AGGRESSIVE;
				CLANG_CXX_LANGUAGE_STANDARD = "gnu++20";
				CLANG_ENABLE_MODULES = YES;
				CLANG_ENABLE_OBJC_ARC = YES;
				CLANG_ENABLE_OBJC_WEAK = YES;
				CLANG_WARN_BLOCK_CAPTURE_AUTORELEASING = YES;
				CLANG_WARN_BOOL_CONVERSION = YES;
				CLANG_WARN_COMMA = YES;
				CLANG_WARN_CONSTANT_CONVERSION = YES;
				CLANG_WARN_DEPRECATED_OBJC_IMPLEMENTATIONS = YES;
				CLANG_WARN_DIRECT_OBJC_ISA_USAGE = YES_ERROR;
				CLANG_WARN_DOCUMENTATION_COMMENTS = YES;
				CLANG_WARN_EMPTY_BODY = YES;
				CLANG_WARN_ENUM_CONVERSION = YES;
				CLANG_WARN_INFINITE_RECURSION = YES;
				CLANG_WARN_INT_CONVERSION = YES;
				CLANG_WARN_NON_LITERAL_NULL_CONVERSION = YES;
				CLANG_WARN_OBJC_IMPLICIT_RETAIN_SELF = YES;
				CLANG_WARN_OBJC_LITERAL_CONVERSION = YES;
				CLANG_WARN_OBJC_ROOT_CLASS = YES_ERROR;
				CLANG_WARN_QUOTED_INCLUDE_IN_FRAMEWORK_HEADER = YES;
				CLANG_WARN_RANGE_LOOP_ANALYSIS = YES;
				CLANG_WARN_STRICT_PROTOTYPES = YES;
				CLANG_WARN_SUSPICIOUS_MOVE = YES;
				CLANG_WARN_UNGUARDED_AVAILABILITY = YES_AGGRESSIVE;
				CLANG_WARN_UNREACHABLE_CODE = YES;
				CLANG_WARN__DUPLICATE_METHOD_MATCH = YES;
				COPY_PHASE_STRIP = NO;
				DEBUG_INFORMATION_FORMAT = dwarf;
				ENABLE_STRICT_OBJC_MSGSEND = YES;
				ENABLE_TESTABILITY = YES;
				GCC_C_LANGUAGE_STANDARD = gnu11;
				GCC_DYNAMIC_NO_PIC = NO;
				GCC_NO_COMMON_BLOCKS = YES;
				GCC_OPTIMIZATION_LEVEL = 0;
				GCC_PREPROCESSOR_DEFINITIONS = (
					"DEBUG=1",
					"$(inherited)",
				);
				GCC_WARN_64_TO_32_BIT_CONVERSION = YES;
				GCC_WARN_ABOUT_RETURN_TYPE = YES_ERROR;
				GCC_WARN_UNDECLARED_SELECTOR = YES;
				GCC_WARN_UNINITIALIZED_AUTOS = YES_AGGRESSIVE;
				GCC_WARN_UNUSED_FUNCTION = YES;
				GCC_WARN_UNUSED_VARIABLE = YES;
				IPHONEOS_DEPLOYMENT_TARGET = 16.4;
				MTL_ENABLE_DEBUG_INFO = INCLUDE_SOURCE;
				MTL_FAST_MATH = YES;
				ONLY_ACTIVE_ARCH = YES;
				SDKROOT = iphoneos;
				SWIFT_ACTIVE_COMPILATION_CONDITIONS = DEBUG;
				SWIFT_OPTIMIZATION_LEVEL = "-Onone";
			};
			name = Debug;
		};
		71B3BDE82B2369F900F58393 /* Release */ = {
			isa = XCBuildConfiguration;
			buildSettings = {
				ALWAYS_SEARCH_USER_PATHS = NO;
				CLANG_ANALYZER_NONNULL = YES;
				CLANG_ANALYZER_NUMBER_OBJECT_CONVERSION = YES_AGGRESSIVE;
				CLANG_CXX_LANGUAGE_STANDARD = "gnu++20";
				CLANG_ENABLE_MODULES = YES;
				CLANG_ENABLE_OBJC_ARC = YES;
				CLANG_ENABLE_OBJC_WEAK = YES;
				CLANG_WARN_BLOCK_CAPTURE_AUTORELEASING = YES;
				CLANG_WARN_BOOL_CONVERSION = YES;
				CLANG_WARN_COMMA = YES;
				CLANG_WARN_CONSTANT_CONVERSION = YES;
				CLANG_WARN_DEPRECATED_OBJC_IMPLEMENTATIONS = YES;
				CLANG_WARN_DIRECT_OBJC_ISA_USAGE = YES_ERROR;
				CLANG_WARN_DOCUMENTATION_COMMENTS = YES;
				CLANG_WARN_EMPTY_BODY = YES;
				CLANG_WARN_ENUM_CONVERSION = YES;
				CLANG_WARN_INFINITE_RECURSION = YES;
				CLANG_WARN_INT_CONVERSION = YES;
				CLANG_WARN_NON_LITERAL_NULL_CONVERSION = YES;
				CLANG_WARN_OBJC_IMPLICIT_RETAIN_SELF = YES;
				CLANG_WARN_OBJC_LITERAL_CONVERSION = YES;
				CLANG_WARN_OBJC_ROOT_CLASS = YES_ERROR;
				CLANG_WARN_QUOTED_INCLUDE_IN_FRAMEWORK_HEADER = YES;
				CLANG_WARN_RANGE_LOOP_ANALYSIS = YES;
				CLANG_WARN_STRICT_PROTOTYPES = YES;
				CLANG_WARN_SUSPICIOUS_MOVE = YES;
				CLANG_WARN_UNGUARDED_AVAILABILITY = YES_AGGRESSIVE;
				CLANG_WARN_UNREACHABLE_CODE = YES;
				CLANG_WARN__DUPLICATE_METHOD_MATCH = YES;
				COPY_PHASE_STRIP = NO;
				DEBUG_INFORMATION_FORMAT = "dwarf-with-dsym";
				ENABLE_NS_ASSERTIONS = NO;
				ENABLE_STRICT_OBJC_MSGSEND = YES;
				GCC_C_LANGUAGE_STANDARD = gnu11;
				GCC_NO_COMMON_BLOCKS = YES;
				GCC_WARN_64_TO_32_BIT_CONVERSION = YES;
				GCC_WARN_ABOUT_RETURN_TYPE = YES_ERROR;
				GCC_WARN_UNDECLARED_SELECTOR = YES;
				GCC_WARN_UNINITIALIZED_AUTOS = YES_AGGRESSIVE;
				GCC_WARN_UNUSED_FUNCTION = YES;
				GCC_WARN_UNUSED_VARIABLE = YES;
				IPHONEOS_DEPLOYMENT_TARGET = 16.4;
				MTL_ENABLE_DEBUG_INFO = NO;
				MTL_FAST_MATH = YES;
				SDKROOT = iphoneos;
				SWIFT_COMPILATION_MODE = wholemodule;
				SWIFT_OPTIMIZATION_LEVEL = "-O";
				VALIDATE_PRODUCT = YES;
			};
			name = Release;
		};
		71B3BDEA2B2369F900F58393 /* Debug */ = {
			isa = XCBuildConfiguration;
			buildSettings = {
				ASSETCATALOG_COMPILER_APPICON_NAME = AppIcon;
				ASSETCATALOG_COMPILER_GLOBAL_ACCENT_COLOR_NAME = AccentColor;
				CODE_SIGN_STYLE = Automatic;
				CURRENT_PROJECT_VERSION = 1;
				GENERATE_INFOPLIST_FILE = YES;
				INFOPLIST_FILE = RickAndMorty/Info.plist;
				INFOPLIST_KEY_UIApplicationSupportsIndirectInputEvents = YES;
				INFOPLIST_KEY_UILaunchStoryboardName = LaunchScreen;
				INFOPLIST_KEY_UISupportedInterfaceOrientations_iPad = "UIInterfaceOrientationPortrait UIInterfaceOrientationPortraitUpsideDown UIInterfaceOrientationLandscapeLeft UIInterfaceOrientationLandscapeRight";
				INFOPLIST_KEY_UISupportedInterfaceOrientations_iPhone = "UIInterfaceOrientationPortrait UIInterfaceOrientationLandscapeLeft UIInterfaceOrientationLandscapeRight";
				LD_RUNPATH_SEARCH_PATHS = (
					"$(inherited)",
					"@executable_path/Frameworks",
				);
				MARKETING_VERSION = 1.0;
				PRODUCT_BUNDLE_IDENTIFIER = com.fenzy.RickAndMorty;
				PRODUCT_NAME = "$(TARGET_NAME)";
				SWIFT_EMIT_LOC_STRINGS = YES;
				SWIFT_VERSION = 5.0;
				TARGETED_DEVICE_FAMILY = "1,2";
			};
			name = Debug;
		};
		71B3BDEB2B2369F900F58393 /* Release */ = {
			isa = XCBuildConfiguration;
			buildSettings = {
				ASSETCATALOG_COMPILER_APPICON_NAME = AppIcon;
				ASSETCATALOG_COMPILER_GLOBAL_ACCENT_COLOR_NAME = AccentColor;
				CODE_SIGN_STYLE = Automatic;
				CURRENT_PROJECT_VERSION = 1;
				GENERATE_INFOPLIST_FILE = YES;
				INFOPLIST_FILE = RickAndMorty/Info.plist;
				INFOPLIST_KEY_UIApplicationSupportsIndirectInputEvents = YES;
				INFOPLIST_KEY_UILaunchStoryboardName = LaunchScreen;
				INFOPLIST_KEY_UISupportedInterfaceOrientations_iPad = "UIInterfaceOrientationPortrait UIInterfaceOrientationPortraitUpsideDown UIInterfaceOrientationLandscapeLeft UIInterfaceOrientationLandscapeRight";
				INFOPLIST_KEY_UISupportedInterfaceOrientations_iPhone = "UIInterfaceOrientationPortrait UIInterfaceOrientationLandscapeLeft UIInterfaceOrientationLandscapeRight";
				LD_RUNPATH_SEARCH_PATHS = (
					"$(inherited)",
					"@executable_path/Frameworks",
				);
				MARKETING_VERSION = 1.0;
				PRODUCT_BUNDLE_IDENTIFIER = com.fenzy.RickAndMorty;
				PRODUCT_NAME = "$(TARGET_NAME)";
				SWIFT_EMIT_LOC_STRINGS = YES;
				SWIFT_VERSION = 5.0;
				TARGETED_DEVICE_FAMILY = "1,2";
			};
			name = Release;
		};
/* End XCBuildConfiguration section */

/* Begin XCConfigurationList section */
		71B3BDD02B2369F400F58393 /* Build configuration list for PBXProject "RickAndMorty" */ = {
			isa = XCConfigurationList;
			buildConfigurations = (
				71B3BDE72B2369F900F58393 /* Debug */,
				71B3BDE82B2369F900F58393 /* Release */,
			);
			defaultConfigurationIsVisible = 0;
			defaultConfigurationName = Release;
		};
		71B3BDE92B2369F900F58393 /* Build configuration list for PBXNativeTarget "RickAndMorty" */ = {
			isa = XCConfigurationList;
			buildConfigurations = (
				71B3BDEA2B2369F900F58393 /* Debug */,
				71B3BDEB2B2369F900F58393 /* Release */,
			);
			defaultConfigurationIsVisible = 0;
			defaultConfigurationName = Release;
		};
/* End XCConfigurationList section */
	};
	rootObject = 71B3BDCD2B2369F400F58393 /* Project object */;
}
